
Microsoft Visual Studio Solution File, Format Version 12.00
# Visual Studio Version 16
VisualStudioVersion = 16.0.31313.79
MinimumVisualStudioVersion = 10.0.40219.1
Project("{9A19103F-16F7-4668-BE54-9A1E7A4F7556}") = "StacksAndQueues", "StacksAndQueues.csproj", "{FA620A28-295B-463C-B985-DF8131A976E8}"
EndProject
Project("{9A19103F-16F7-4668-BE54-9A1E7A4F7556}") = "StackQueue2", "..\StackQueue2\StackQueue2.csproj", "{CD481B4F-06D4-400E-ADF6-E3F2E0F5E15A}"
EndProject
Project("{9A19103F-16F7-4668-BE54-9A1E7A4F7556}") = "StackQueue3", "..\StackQueue3\StackQueue3.csproj", "{482ABECD-0559-4798-B252-13DF0C389994}"
EndProject
Project("{9A19103F-16F7-4668-BE54-9A1E7A4F7556}") = "StackQueue4", "..\StackQueue4\StackQueue4.csproj", "{79EF9E70-C72C-4B1C-90BC-4E1B9B534F82}"
EndProject
Project("{9A19103F-16F7-4668-BE54-9A1E7A4F7556}") = "StackQueue5", "..\StackQueue5\StackQueue5.csproj", "{F4481E9E-B7D5-4BA9-BA62-EB52460E7534}"
EndProject
Project("{FAE04EC0-301F-11D3-BF4B-00C04F79EFBC}") = "StackQueue6", "..\StackQueue6\StackQueue6.csproj", "{6BB91CCF-F7BF-49B7-B12F-8A584BFF5648}"
EndProject
Project("{FAE04EC0-301F-11D3-BF4B-00C04F79EFBC}") = "StackQueue7", "..\StackQueue7\StackQueue7.csproj", "{00354A8E-6411-405E-AD25-8F56E592F6F0}"
EndProject
Project("{FAE04EC0-301F-11D3-BF4B-00C04F79EFBC}") = "StackQueue8", "..\StackQueue8\StackQueue8.csproj", "{CD546575-1B59-454B-B0B8-1DCDE75F7B7E}"
EndProject
Project("{FAE04EC0-301F-11D3-BF4B-00C04F79EFBC}") = "StackQueue9", "..\StackQueue9\StackQueue9.csproj", "{5154C8E4-1D9A-4E1E-AD83-21B4D72F0983}"
EndProject
Global
	GlobalSection(SolutionConfigurationPlatforms) = preSolution
		Debug|Any CPU = Debug|Any CPU
		Release|Any CPU = Release|Any CPU
	EndGlobalSection
	GlobalSection(ProjectConfigurationPlatforms) = postSolution
		{FA620A28-295B-463C-B985-DF8131A976E8}.Debug|Any CPU.ActiveCfg = Debug|Any CPU
		{FA620A28-295B-463C-B985-DF8131A976E8}.Debug|Any CPU.Build.0 = Debug|Any CPU
		{FA620A28-295B-463C-B985-DF8131A976E8}.Release|Any CPU.ActiveCfg = Release|Any CPU
		{FA620A28-295B-463C-B985-DF8131A976E8}.Release|Any CPU.Build.0 = Release|Any CPU
		{CD481B4F-06D4-400E-ADF6-E3F2E0F5E15A}.Debug|Any CPU.ActiveCfg = Debug|Any CPU
		{CD481B4F-06D4-400E-ADF6-E3F2E0F5E15A}.Debug|Any CPU.Build.0 = Debug|Any CPU
		{CD481B4F-06D4-400E-ADF6-E3F2E0F5E15A}.Release|Any CPU.ActiveCfg = Release|Any CPU
		{CD481B4F-06D4-400E-ADF6-E3F2E0F5E15A}.Release|Any CPU.Build.0 = Release|Any CPU
		{482ABECD-0559-4798-B252-13DF0C389994}.Debug|Any CPU.ActiveCfg = Debug|Any CPU
		{482ABECD-0559-4798-B252-13DF0C389994}.Debug|Any CPU.Build.0 = Debug|Any CPU
		{482ABECD-0559-4798-B252-13DF0C389994}.Release|Any CPU.ActiveCfg = Release|Any CPU
		{482ABECD-0559-4798-B252-13DF0C389994}.Release|Any CPU.Build.0 = Release|Any CPU
		{79EF9E70-C72C-4B1C-90BC-4E1B9B534F82}.Debug|Any CPU.ActiveCfg = Debug|Any CPU
		{79EF9E70-C72C-4B1C-90BC-4E1B9B534F82}.Debug|Any CPU.Build.0 = Debug|Any CPU
		{79EF9E70-C72C-4B1C-90BC-4E1B9B534F82}.Release|Any CPU.ActiveCfg = Release|Any CPU
		{79EF9E70-C72C-4B1C-90BC-4E1B9B534F82}.Release|Any CPU.Build.0 = Release|Any CPU
		{F4481E9E-B7D5-4BA9-BA62-EB52460E7534}.Debug|Any CPU.ActiveCfg = Debug|Any CPU
		{F4481E9E-B7D5-4BA9-BA62-EB52460E7534}.Debug|Any CPU.Build.0 = Debug|Any CPU
		{F4481E9E-B7D5-4BA9-BA62-EB52460E7534}.Release|Any CPU.ActiveCfg = Release|Any CPU
		{F4481E9E-B7D5-4BA9-BA62-EB52460E7534}.Release|Any CPU.Build.0 = Release|Any CPU
		{6BB91CCF-F7BF-49B7-B12F-8A584BFF5648}.Debug|Any CPU.ActiveCfg = Debug|Any CPU
		{6BB91CCF-F7BF-49B7-B12F-8A584BFF5648}.Debug|Any CPU.Build.0 = Debug|Any CPU
		{6BB91CCF-F7BF-49B7-B12F-8A584BFF5648}.Release|Any CPU.ActiveCfg = Release|Any CPU
		{6BB91CCF-F7BF-49B7-B12F-8A584BFF5648}.Release|Any CPU.Build.0 = Release|Any CPU
		{00354A8E-6411-405E-AD25-8F56E592F6F0}.Debug|Any CPU.ActiveCfg = Debug|Any CPU
		{00354A8E-6411-405E-AD25-8F56E592F6F0}.Debug|Any CPU.Build.0 = Debug|Any CPU
		{00354A8E-6411-405E-AD25-8F56E592F6F0}.Release|Any CPU.ActiveCfg = Release|Any CPU
		{00354A8E-6411-405E-AD25-8F56E592F6F0}.Release|Any CPU.Build.0 = Release|Any CPU
		{CD546575-1B59-454B-B0B8-1DCDE75F7B7E}.Debug|Any CPU.ActiveCfg = Debug|Any CPU
		{CD546575-1B59-454B-B0B8-1DCDE75F7B7E}.Debug|Any CPU.Build.0 = Debug|Any CPU
		{CD546575-1B59-454B-B0B8-1DCDE75F7B7E}.Release|Any CPU.ActiveCfg = Release|Any CPU
		{CD546575-1B59-454B-B0B8-1DCDE75F7B7E}.Release|Any CPU.Build.0 = Release|Any CPU
		{5154C8E4-1D9A-4E1E-AD83-21B4D72F0983}.Debug|Any CPU.ActiveCfg = Debug|Any CPU
		{5154C8E4-1D9A-4E1E-AD83-21B4D72F0983}.Debug|Any CPU.Build.0 = Debug|Any CPU
		{5154C8E4-1D9A-4E1E-AD83-21B4D72F0983}.Release|Any CPU.ActiveCfg = Release|Any CPU
		{5154C8E4-1D9A-4E1E-AD83-21B4D72F0983}.Release|Any CPU.Build.0 = Release|Any CPU
	EndGlobalSection
	GlobalSection(SolutionProperties) = preSolution
		HideSolutionNode = FALSE
	EndGlobalSection
	GlobalSection(ExtensibilityGlobals) = postSolution
		SolutionGuid = {0947659D-B051-42CE-B55D-FDDA8310E6D2}
	EndGlobalSection
EndGlobal
